
Microsoft Visual Studio Solution File, Format Version 12.00
# Visual Studio 15
VisualStudioVersion = 15.0.28307.539
MinimumVisualStudioVersion = 10.0.40219.1
Project("{9A19103F-16F7-4668-BE54-9A1E7A4F7556}") = "WideWorldImporters.API", "WideWorldImporters.API\WideWorldImporters.API.csproj", "{08401098-2659-43F9-9D09-596A304C7A24}"
EndProject
Project("{FAE04EC0-301F-11D3-BF4B-00C04F79EFBC}") = "WideWorldImporters.API.UnitTests", "WideWorldImporters.API.UnitTests\WideWorldImporters.API.UnitTests.csproj", "{51BB2650-9D29-41B8-840C-990A77E4F683}"
EndProject
Project("{FAE04EC0-301F-11D3-BF4B-00C04F79EFBC}") = "WideWorldImporters.API.IntegrationTests", "WideWorldImporters.API.IntegrationTests\WideWorldImporters.API.IntegrationTests.csproj", "{76FA8BF1-84D3-42B2-BBAC-597D79E4E4F8}"
EndProject
Global
	GlobalSection(SolutionConfigurationPlatforms) = preSolution
		Debug|Any CPU = Debug|Any CPU
		Release|Any CPU = Release|Any CPU
	EndGlobalSection
	GlobalSection(ProjectConfigurationPlatforms) = postSolution
		{08401098-2659-43F9-9D09-596A304C7A24}.Debug|Any CPU.ActiveCfg = Debug|Any CPU
		{08401098-2659-43F9-9D09-596A304C7A24}.Debug|Any CPU.Build.0 = Debug|Any CPU
		{08401098-2659-43F9-9D09-596A304C7A24}.Release|Any CPU.ActiveCfg = Release|Any CPU
		{08401098-2659-43F9-9D09-596A304C7A24}.Release|Any CPU.Build.0 = Release|Any CPU
		{51BB2650-9D29-41B8-840C-990A77E4F683}.Debug|Any CPU.ActiveCfg = Debug|Any CPU
		{51BB2650-9D29-41B8-840C-990A77E4F683}.Debug|Any CPU.Build.0 = Debug|Any CPU
		{51BB2650-9D29-41B8-840C-990A77E4F683}.Release|Any CPU.ActiveCfg = Release|Any CPU
		{51BB2650-9D29-41B8-840C-990A77E4F683}.Release|Any CPU.Build.0 = Release|Any CPU
		{76FA8BF1-84D3-42B2-BBAC-597D79E4E4F8}.Debug|Any CPU.ActiveCfg = Debug|Any CPU
		{76FA8BF1-84D3-42B2-BBAC-597D79E4E4F8}.Debug|Any CPU.Build.0 = Debug|Any CPU
		{76FA8BF1-84D3-42B2-BBAC-597D79E4E4F8}.Release|Any CPU.ActiveCfg = Release|Any CPU
		{76FA8BF1-84D3-42B2-BBAC-597D79E4E4F8}.Release|Any CPU.Build.0 = Release|Any CPU
	EndGlobalSection
	GlobalSection(SolutionProperties) = preSolution
		HideSolutionNode = FALSE
	EndGlobalSection
	GlobalSection(ExtensibilityGlobals) = postSolution
		SolutionGuid = {488C555F-2E13-4103-A679-F7A2E0F5FA01}
	EndGlobalSection
EndGlobal
